
Microsoft Visual Studio Solution File, Format Version 12.00
# Visual Studio 14
VisualStudioVersion = 14.0.25420.1
MinimumVisualStudioVersion = 10.0.40219.1
Project("{FAE04EC0-301F-11D3-BF4B-00C04F79EFBC}") = "Download Manager", "Download Manager\Download Manager.csproj", "{A867F48F-019A-44E7-B546-586DA380F08E}"
EndProject
Global
	GlobalSection(SolutionConfigurationPlatforms) = preSolution
		Debug|Any CPU = Debug|Any CPU
		Release|Any CPU = Release|Any CPU
	EndGlobalSection
	GlobalSection(ProjectConfigurationPlatforms) = postSolution
		{A867F48F-019A-44E7-B546-586DA380F08E}.Debug|Any CPU.ActiveCfg = Debug|Any CPU
		{A867F48F-019A-44E7-B546-586DA380F08E}.Debug|Any CPU.Build.0 = Debug|Any CPU
		{A867F48F-019A-44E7-B546-586DA380F08E}.Release|Any CPU.ActiveCfg = Release|Any CPU
		{A867F48F-019A-44E7-B546-586DA380F08E}.Release|Any CPU.Build.0 = Release|Any CPU
	EndGlobalSection
	GlobalSection(SolutionProperties) = preSolution
		HideSolutionNode = FALSE
	EndGlobalSection
EndGlobal
